// !$*UTF8*$!
{
	archiveVersion = 1;
	classes = {
	};
	objectVersion = 56;
	objects = {

/* Begin PBXBuildFile section */
		D727BDDA2BD2D9240011E324 /* YumYardApp.swift in Sources */ = {isa = PBXBuildFile; fileRef = D727BDD92BD2D9240011E324 /* YumYardApp.swift */; };
		D727BDDC2BD2D9240011E324 /* ContentView.swift in Sources */ = {isa = PBXBuildFile; fileRef = D727BDDB2BD2D9240011E324 /* ContentView.swift */; };
		D727BDDE2BD2D9250011E324 /* Assets.xcassets in Resources */ = {isa = PBXBuildFile; fileRef = D727BDDD2BD2D9250011E324 /* Assets.xcassets */; };
		D727BDE12BD2D9250011E324 /* Preview Assets.xcassets in Resources */ = {isa = PBXBuildFile; fileRef = D727BDE02BD2D9250011E324 /* Preview Assets.xcassets */; };
		D727BDE82BD2E0AE0011E324 /* SignUpView.swift in Sources */ = {isa = PBXBuildFile; fileRef = D727BDE72BD2E0AE0011E324 /* SignUpView.swift */; };
		D727BDEA2BD2E0BD0011E324 /* LogInView.swift in Sources */ = {isa = PBXBuildFile; fileRef = D727BDE92BD2E0BD0011E324 /* LogInView.swift */; };
		D7EA92FD2BD301380075BAE5 /* WelcomeView.swift in Sources */ = {isa = PBXBuildFile; fileRef = D7EA92FC2BD301380075BAE5 /* WelcomeView.swift */; };
		D7EA93082BD3385B0075BAE5 /* GoogleService-Info.plist in Resources */ = {isa = PBXBuildFile; fileRef = D7EA93072BD3385B0075BAE5 /* GoogleService-Info.plist */; };
		D7EA930C2BD339380075BAE5 /* FirebaseAuth in Frameworks */ = {isa = PBXBuildFile; productRef = D7EA930B2BD339380075BAE5 /* FirebaseAuth */; };
		D7EA930E2BD3393D0075BAE5 /* FirebaseFirestoreSwift in Frameworks */ = {isa = PBXBuildFile; productRef = D7EA930D2BD3393D0075BAE5 /* FirebaseFirestoreSwift */; };
		D7EA93102BD339430075BAE5 /* FirebaseFirestore in Frameworks */ = {isa = PBXBuildFile; productRef = D7EA930F2BD339430075BAE5 /* FirebaseFirestore */; };
		D7EA93122BD33B510075BAE5 /* AuthManager.swift in Sources */ = {isa = PBXBuildFile; fileRef = D7EA93112BD33B510075BAE5 /* AuthManager.swift */; };
/* End PBXBuildFile section */

/* Begin PBXFileReference section */
		D727BDD62BD2D9240011E324 /* YumYard.app */ = {isa = PBXFileReference; explicitFileType = wrapper.application; includeInIndex = 0; path = YumYard.app; sourceTree = BUILT_PRODUCTS_DIR; };
		D727BDD92BD2D9240011E324 /* YumYardApp.swift */ = {isa = PBXFileReference; lastKnownFileType = sourcecode.swift; path = YumYardApp.swift; sourceTree = "<group>"; };
		D727BDDB2BD2D9240011E324 /* ContentView.swift */ = {isa = PBXFileReference; lastKnownFileType = sourcecode.swift; path = ContentView.swift; sourceTree = "<group>"; };
		D727BDDD2BD2D9250011E324 /* Assets.xcassets */ = {isa = PBXFileReference; lastKnownFileType = folder.assetcatalog; path = Assets.xcassets; sourceTree = "<group>"; };
		D727BDE02BD2D9250011E324 /* Preview Assets.xcassets */ = {isa = PBXFileReference; lastKnownFileType = folder.assetcatalog; path = "Preview Assets.xcassets"; sourceTree = "<group>"; };
		D727BDE72BD2E0AE0011E324 /* SignUpView.swift */ = {isa = PBXFileReference; lastKnownFileType = sourcecode.swift; path = SignUpView.swift; sourceTree = "<group>"; };
		D727BDE92BD2E0BD0011E324 /* LogInView.swift */ = {isa = PBXFileReference; lastKnownFileType = sourcecode.swift; path = LogInView.swift; sourceTree = "<group>"; };
		D7EA92FC2BD301380075BAE5 /* WelcomeView.swift */ = {isa = PBXFileReference; lastKnownFileType = sourcecode.swift; path = WelcomeView.swift; sourceTree = "<group>"; };
		D7EA93072BD3385B0075BAE5 /* GoogleService-Info.plist */ = {isa = PBXFileReference; fileEncoding = 4; lastKnownFileType = text.plist.xml; path = "GoogleService-Info.plist"; sourceTree = "<group>"; };
		D7EA93112BD33B510075BAE5 /* AuthManager.swift */ = {isa = PBXFileReference; lastKnownFileType = sourcecode.swift; path = AuthManager.swift; sourceTree = "<group>"; };
/* End PBXFileReference section */

/* Begin PBXFrameworksBuildPhase section */
		D727BDD32BD2D9240011E324 /* Frameworks */ = {
			isa = PBXFrameworksBuildPhase;
			buildActionMask = 2147483647;
			files = (
				D7EA930C2BD339380075BAE5 /* FirebaseAuth in Frameworks */,
				D7EA930E2BD3393D0075BAE5 /* FirebaseFirestoreSwift in Frameworks */,
				D7EA93102BD339430075BAE5 /* FirebaseFirestore in Frameworks */,
			);
			runOnlyForDeploymentPostprocessing = 0;
		};
/* End PBXFrameworksBuildPhase section */

/* Begin PBXGroup section */
		D727BDCD2BD2D9240011E324 = {
			isa = PBXGroup;
			children = (
				D7EA93072BD3385B0075BAE5 /* GoogleService-Info.plist */,
				D727BDD82BD2D9240011E324 /* YumYard */,
				D727BDD72BD2D9240011E324 /* Products */,
				D7EA930A2BD339380075BAE5 /* Frameworks */,
			);
			sourceTree = "<group>";
		};
		D727BDD72BD2D9240011E324 /* Products */ = {
			isa = PBXGroup;
			children = (
				D727BDD62BD2D9240011E324 /* YumYard.app */,
			);
			name = Products;
			sourceTree = "<group>";
		};
		D727BDD82BD2D9240011E324 /* YumYard */ = {
			isa = PBXGroup;
			children = (
				D727BDD92BD2D9240011E324 /* YumYardApp.swift */,
				D727BDDB2BD2D9240011E324 /* ContentView.swift */,
				D7EA92FC2BD301380075BAE5 /* WelcomeView.swift */,
				D727BDDD2BD2D9250011E324 /* Assets.xcassets */,
				D727BDDF2BD2D9250011E324 /* Preview Content */,
				D727BDE92BD2E0BD0011E324 /* LogInView.swift */,
				D727BDE72BD2E0AE0011E324 /* SignUpView.swift */,
				D7EA93112BD33B510075BAE5 /* AuthManager.swift */,
			);
			path = YumYard;
			sourceTree = "<group>";
		};
		D727BDDF2BD2D9250011E324 /* Preview Content */ = {
			isa = PBXGroup;
			children = (
				D727BDE02BD2D9250011E324 /* Preview Assets.xcassets */,
			);
			path = "Preview Content";
			sourceTree = "<group>";
		};
		D7EA930A2BD339380075BAE5 /* Frameworks */ = {
			isa = PBXGroup;
			children = (
			);
			name = Frameworks;
			sourceTree = "<group>";
		};
/* End PBXGroup section */

/* Begin PBXNativeTarget section */
		D727BDD52BD2D9240011E324 /* YumYard */ = {
			isa = PBXNativeTarget;
			buildConfigurationList = D727BDE42BD2D9250011E324 /* Build configuration list for PBXNativeTarget "YumYard" */;
			buildPhases = (
				D727BDD22BD2D9240011E324 /* Sources */,
				D727BDD32BD2D9240011E324 /* Frameworks */,
				D727BDD42BD2D9240011E324 /* Resources */,
			);
			buildRules = (
			);
			dependencies = (
			);
			name = YumYard;
			packageProductDependencies = (
				D7EA930B2BD339380075BAE5 /* FirebaseAuth */,
				D7EA930D2BD3393D0075BAE5 /* FirebaseFirestoreSwift */,
				D7EA930F2BD339430075BAE5 /* FirebaseFirestore */,
			);
			productName = YumYard;
			productReference = D727BDD62BD2D9240011E324 /* YumYard.app */;
			productType = "com.apple.product-type.application";
		};
/* End PBXNativeTarget section */

/* Begin PBXProject section */
		D727BDCE2BD2D9240011E324 /* Project object */ = {
			isa = PBXProject;
			attributes = {
				BuildIndependentTargetsInParallel = 1;
				LastSwiftUpdateCheck = 1520;
				LastUpgradeCheck = 1520;
				TargetAttributes = {
					D727BDD52BD2D9240011E324 = {
						CreatedOnToolsVersion = 15.2;
					};
				};
			};
			buildConfigurationList = D727BDD12BD2D9240011E324 /* Build configuration list for PBXProject "YumYard" */;
			compatibilityVersion = "Xcode 14.0";
			developmentRegion = en;
			hasScannedForEncodings = 0;
			knownRegions = (
				en,
				Base,
			);
			mainGroup = D727BDCD2BD2D9240011E324;
			packageReferences = (
				D7EA93002BD329CC0075BAE5 /* XCRemoteSwiftPackageReference "Auth0.swift" */,
				D7EA93092BD3390D0075BAE5 /* XCRemoteSwiftPackageReference "firebase-ios-sdk" */,
			);
			productRefGroup = D727BDD72BD2D9240011E324 /* Products */;
			projectDirPath = "";
			projectRoot = "";
			targets = (
				D727BDD52BD2D9240011E324 /* YumYard */,
			);
		};
/* End PBXProject section */

/* Begin PBXResourcesBuildPhase section */
		D727BDD42BD2D9240011E324 /* Resources */ = {
			isa = PBXResourcesBuildPhase;
			buildActionMask = 2147483647;
			files = (
				D727BDE12BD2D9250011E324 /* Preview Assets.xcassets in Resources */,
				D7EA93082BD3385B0075BAE5 /* GoogleService-Info.plist in Resources */,
				D727BDDE2BD2D9250011E324 /* Assets.xcassets in Resources */,
			);
			runOnlyForDeploymentPostprocessing = 0;
		};
/* End PBXResourcesBuildPhase section */

/* Begin PBXSourcesBuildPhase section */
		D727BDD22BD2D9240011E324 /* Sources */ = {
			isa = PBXSourcesBuildPhase;
			buildActionMask = 2147483647;
			files = (
				D7EA92FD2BD301380075BAE5 /* WelcomeView.swift in Sources */,
				D7EA93122BD33B510075BAE5 /* AuthManager.swift in Sources */,
				D727BDDC2BD2D9240011E324 /* ContentView.swift in Sources */,
				D727BDE82BD2E0AE0011E324 /* SignUpView.swift in Sources */,
				D727BDEA2BD2E0BD0011E324 /* LogInView.swift in Sources */,
				D727BDDA2BD2D9240011E324 /* YumYardApp.swift in Sources */,
			);
			runOnlyForDeploymentPostprocessing = 0;
		};
/* End PBXSourcesBuildPhase section */

/* Begin XCBuildConfiguration section */
		D727BDE22BD2D9250011E324 /* Debug */ = {
			isa = XCBuildConfiguration;
			buildSettings = {
				ALWAYS_SEARCH_USER_PATHS = NO;
				ASSETCATALOG_COMPILER_GENERATE_SWIFT_ASSET_SYMBOL_EXTENSIONS = YES;
				CLANG_ANALYZER_NONNULL = YES;
				CLANG_ANALYZER_NUMBER_OBJECT_CONVERSION = YES_AGGRESSIVE;
				CLANG_CXX_LANGUAGE_STANDARD = "gnu++20";
				CLANG_ENABLE_MODULES = YES;
				CLANG_ENABLE_OBJC_ARC = YES;
				CLANG_ENABLE_OBJC_WEAK = YES;
				CLANG_WARN_BLOCK_CAPTURE_AUTORELEASING = YES;
				CLANG_WARN_BOOL_CONVERSION = YES;
				CLANG_WARN_COMMA = YES;
				CLANG_WARN_CONSTANT_CONVERSION = YES;
				CLANG_WARN_DEPRECATED_OBJC_IMPLEMENTATIONS = YES;
				CLANG_WARN_DIRECT_OBJC_ISA_USAGE = YES_ERROR;
				CLANG_WARN_DOCUMENTATION_COMMENTS = YES;
				CLANG_WARN_EMPTY_BODY = YES;
				CLANG_WARN_ENUM_CONVERSION = YES;
				CLANG_WARN_INFINITE_RECURSION = YES;
				CLANG_WARN_INT_CONVERSION = YES;
				CLANG_WARN_NON_LITERAL_NULL_CONVERSION = YES;
				CLANG_WARN_OBJC_IMPLICIT_RETAIN_SELF = YES;
				CLANG_WARN_OBJC_LITERAL_CONVERSION = YES;
				CLANG_WARN_OBJC_ROOT_CLASS = YES_ERROR;
				CLANG_WARN_QUOTED_INCLUDE_IN_FRAMEWORK_HEADER = YES;
				CLANG_WARN_RANGE_LOOP_ANALYSIS = YES;
				CLANG_WARN_STRICT_PROTOTYPES = YES;
				CLANG_WARN_SUSPICIOUS_MOVE = YES;
				CLANG_WARN_UNGUARDED_AVAILABILITY = YES_AGGRESSIVE;
				CLANG_WARN_UNREACHABLE_CODE = YES;
				CLANG_WARN__DUPLICATE_METHOD_MATCH = YES;
				COPY_PHASE_STRIP = NO;
				DEBUG_INFORMATION_FORMAT = dwarf;
				ENABLE_STRICT_OBJC_MSGSEND = YES;
				ENABLE_TESTABILITY = YES;
				ENABLE_USER_SCRIPT_SANDBOXING = YES;
				GCC_C_LANGUAGE_STANDARD = gnu17;
				GCC_DYNAMIC_NO_PIC = NO;
				GCC_NO_COMMON_BLOCKS = YES;
				GCC_OPTIMIZATION_LEVEL = 0;
				GCC_PREPROCESSOR_DEFINITIONS = (
					"DEBUG=1",
					"$(inherited)",
				);
				GCC_WARN_64_TO_32_BIT_CONVERSION = YES;
				GCC_WARN_ABOUT_RETURN_TYPE = YES_ERROR;
				GCC_WARN_UNDECLARED_SELECTOR = YES;
				GCC_WARN_UNINITIALIZED_AUTOS = YES_AGGRESSIVE;
				GCC_WARN_UNUSED_FUNCTION = YES;
				GCC_WARN_UNUSED_VARIABLE = YES;
				IPHONEOS_DEPLOYMENT_TARGET = 17.2;
				LOCALIZATION_PREFERS_STRING_CATALOGS = YES;
				MTL_ENABLE_DEBUG_INFO = INCLUDE_SOURCE;
				MTL_FAST_MATH = YES;
				ONLY_ACTIVE_ARCH = YES;
				SDKROOT = iphoneos;
				SWIFT_ACTIVE_COMPILATION_CONDITIONS = "DEBUG $(inherited)";
				SWIFT_OPTIMIZATION_LEVEL = "-Onone";
			};
			name = Debug;
		};
		D727BDE32BD2D9250011E324 /* Release */ = {
			isa = XCBuildConfiguration;
			buildSettings = {
				ALWAYS_SEARCH_USER_PATHS = NO;
				ASSETCATALOG_COMPILER_GENERATE_SWIFT_ASSET_SYMBOL_EXTENSIONS = YES;
				CLANG_ANALYZER_NONNULL = YES;
				CLANG_ANALYZER_NUMBER_OBJECT_CONVERSION = YES_AGGRESSIVE;
				CLANG_CXX_LANGUAGE_STANDARD = "gnu++20";
				CLANG_ENABLE_MODULES = YES;
				CLANG_ENABLE_OBJC_ARC = YES;
				CLANG_ENABLE_OBJC_WEAK = YES;
				CLANG_WARN_BLOCK_CAPTURE_AUTORELEASING = YES;
				CLANG_WARN_BOOL_CONVERSION = YES;
				CLANG_WARN_COMMA = YES;
				CLANG_WARN_CONSTANT_CONVERSION = YES;
				CLANG_WARN_DEPRECATED_OBJC_IMPLEMENTATIONS = YES;
				CLANG_WARN_DIRECT_OBJC_ISA_USAGE = YES_ERROR;
				CLANG_WARN_DOCUMENTATION_COMMENTS = YES;
				CLANG_WARN_EMPTY_BODY = YES;
				CLANG_WARN_ENUM_CONVERSION = YES;
				CLANG_WARN_INFINITE_RECURSION = YES;
				CLANG_WARN_INT_CONVERSION = YES;
				CLANG_WARN_NON_LITERAL_NULL_CONVERSION = YES;
				CLANG_WARN_OBJC_IMPLICIT_RETAIN_SELF = YES;
				CLANG_WARN_OBJC_LITERAL_CONVERSION = YES;
				CLANG_WARN_OBJC_ROOT_CLASS = YES_ERROR;
				CLANG_WARN_QUOTED_INCLUDE_IN_FRAMEWORK_HEADER = YES;
				CLANG_WARN_RANGE_LOOP_ANALYSIS = YES;
				CLANG_WARN_STRICT_PROTOTYPES = YES;
				CLANG_WARN_SUSPICIOUS_MOVE = YES;
				CLANG_WARN_UNGUARDED_AVAILABILITY = YES_AGGRESSIVE;
				CLANG_WARN_UNREACHABLE_CODE = YES;
				CLANG_WARN__DUPLICATE_METHOD_MATCH = YES;
				COPY_PHASE_STRIP = NO;
				DEBUG_INFORMATION_FORMAT = "dwarf-with-dsym";
				ENABLE_NS_ASSERTIONS = NO;
				ENABLE_STRICT_OBJC_MSGSEND = YES;
				ENABLE_USER_SCRIPT_SANDBOXING = YES;
				GCC_C_LANGUAGE_STANDARD = gnu17;
				GCC_NO_COMMON_BLOCKS = YES;
				GCC_WARN_64_TO_32_BIT_CONVERSION = YES;
				GCC_WARN_ABOUT_RETURN_TYPE = YES_ERROR;
				GCC_WARN_UNDECLARED_SELECTOR = YES;
				GCC_WARN_UNINITIALIZED_AUTOS = YES_AGGRESSIVE;
				GCC_WARN_UNUSED_FUNCTION = YES;
				GCC_WARN_UNUSED_VARIABLE = YES;
				IPHONEOS_DEPLOYMENT_TARGET = 17.2;
				LOCALIZATION_PREFERS_STRING_CATALOGS = YES;
				MTL_ENABLE_DEBUG_INFO = NO;
				MTL_FAST_MATH = YES;
				SDKROOT = iphoneos;
				SWIFT_COMPILATION_MODE = wholemodule;
				VALIDATE_PRODUCT = YES;
			};
			name = Release;
		};
		D727BDE52BD2D9250011E324 /* Debug */ = {
			isa = XCBuildConfiguration;
			buildSettings = {
				ASSETCATALOG_COMPILER_APPICON_NAME = AppIcon;
				ASSETCATALOG_COMPILER_GLOBAL_ACCENT_COLOR_NAME = AccentColor;
				CODE_SIGN_STYLE = Automatic;
				CURRENT_PROJECT_VERSION = 1;
				DEVELOPMENT_ASSET_PATHS = "\"YumYard/Preview Content\"";
				ENABLE_PREVIEWS = YES;
				GENERATE_INFOPLIST_FILE = YES;
				INFOPLIST_KEY_UIApplicationSceneManifest_Generation = YES;
				INFOPLIST_KEY_UIApplicationSupportsIndirectInputEvents = YES;
				INFOPLIST_KEY_UILaunchScreen_Generation = YES;
				INFOPLIST_KEY_UISupportedInterfaceOrientations_iPad = "UIInterfaceOrientationPortrait UIInterfaceOrientationPortraitUpsideDown UIInterfaceOrientationLandscapeLeft UIInterfaceOrientationLandscapeRight";
				INFOPLIST_KEY_UISupportedInterfaceOrientations_iPhone = "UIInterfaceOrientationPortrait UIInterfaceOrientationLandscapeLeft UIInterfaceOrientationLandscapeRight";
				LD_RUNPATH_SEARCH_PATHS = (
					"$(inherited)",
					"@executable_path/Frameworks",
				);
				MARKETING_VERSION = 1.0;
				PRODUCT_BUNDLE_IDENTIFIER = IOS102.YumYard;
				PRODUCT_NAME = "$(TARGET_NAME)";
				SWIFT_EMIT_LOC_STRINGS = YES;
				SWIFT_VERSION = 5.0;
				TARGETED_DEVICE_FAMILY = "1,2";
			};
			name = Debug;
		};
		D727BDE62BD2D9250011E324 /* Release */ = {
			isa = XCBuildConfiguration;
			buildSettings = {
				ASSETCATALOG_COMPILER_APPICON_NAME = AppIcon;
				ASSETCATALOG_COMPILER_GLOBAL_ACCENT_COLOR_NAME = AccentColor;
				CODE_SIGN_STYLE = Automatic;
				CURRENT_PROJECT_VERSION = 1;
				DEVELOPMENT_ASSET_PATHS = "\"YumYard/Preview Content\"";
				ENABLE_PREVIEWS = YES;
				GENERATE_INFOPLIST_FILE = YES;
				INFOPLIST_KEY_UIApplicationSceneManifest_Generation = YES;
				INFOPLIST_KEY_UIApplicationSupportsIndirectInputEvents = YES;
				INFOPLIST_KEY_UILaunchScreen_Generation = YES;
				INFOPLIST_KEY_UISupportedInterfaceOrientations_iPad = "UIInterfaceOrientationPortrait UIInterfaceOrientationPortraitUpsideDown UIInterfaceOrientationLandscapeLeft UIInterfaceOrientationLandscapeRight";
				INFOPLIST_KEY_UISupportedInterfaceOrientations_iPhone = "UIInterfaceOrientationPortrait UIInterfaceOrientationLandscapeLeft UIInterfaceOrientationLandscapeRight";
				LD_RUNPATH_SEARCH_PATHS = (
					"$(inherited)",
					"@executable_path/Frameworks",
				);
				MARKETING_VERSION = 1.0;
				PRODUCT_BUNDLE_IDENTIFIER = IOS102.YumYard;
				PRODUCT_NAME = "$(TARGET_NAME)";
				SWIFT_EMIT_LOC_STRINGS = YES;
				SWIFT_VERSION = 5.0;
				TARGETED_DEVICE_FAMILY = "1,2";
			};
			name = Release;
		};
/* End XCBuildConfiguration section */

/* Begin XCConfigurationList section */
		D727BDD12BD2D9240011E324 /* Build configuration list for PBXProject "YumYard" */ = {
			isa = XCConfigurationList;
			buildConfigurations = (
				D727BDE22BD2D9250011E324 /* Debug */,
				D727BDE32BD2D9250011E324 /* Release */,
			);
			defaultConfigurationIsVisible = 0;
			defaultConfigurationName = Release;
		};
		D727BDE42BD2D9250011E324 /* Build configuration list for PBXNativeTarget "YumYard" */ = {
			isa = XCConfigurationList;
			buildConfigurations = (
				D727BDE52BD2D9250011E324 /* Debug */,
				D727BDE62BD2D9250011E324 /* Release */,
			);
			defaultConfigurationIsVisible = 0;
			defaultConfigurationName = Release;
		};
/* End XCConfigurationList section */

/* Begin XCRemoteSwiftPackageReference section */
		D7EA93002BD329CC0075BAE5 /* XCRemoteSwiftPackageReference "Auth0.swift" */ = {
			isa = XCRemoteSwiftPackageReference;
			repositoryURL = "https://github.com/auth0/Auth0.swift.git";
			requirement = {
				kind = upToNextMajorVersion;
				minimumVersion = 2.7.0;
			};
		};
		D7EA93092BD3390D0075BAE5 /* XCRemoteSwiftPackageReference "firebase-ios-sdk" */ = {
			isa = XCRemoteSwiftPackageReference;
			repositoryURL = "https://github.com/firebase/firebase-ios-sdk";
			requirement = {
				kind = upToNextMajorVersion;
				minimumVersion = 10.24.0;
			};
		};
/* End XCRemoteSwiftPackageReference section */

/* Begin XCSwiftPackageProductDependency section */
		D7EA930B2BD339380075BAE5 /* FirebaseAuth */ = {
			isa = XCSwiftPackageProductDependency;
			package = D7EA93092BD3390D0075BAE5 /* XCRemoteSwiftPackageReference "firebase-ios-sdk" */;
			productName = FirebaseAuth;
		};
		D7EA930D2BD3393D0075BAE5 /* FirebaseFirestoreSwift */ = {
			isa = XCSwiftPackageProductDependency;
			package = D7EA93092BD3390D0075BAE5 /* XCRemoteSwiftPackageReference "firebase-ios-sdk" */;
			productName = FirebaseFirestoreSwift;
		};
		D7EA930F2BD339430075BAE5 /* FirebaseFirestore */ = {
			isa = XCSwiftPackageProductDependency;
			package = D7EA93092BD3390D0075BAE5 /* XCRemoteSwiftPackageReference "firebase-ios-sdk" */;
			productName = FirebaseFirestore;
		};
/* End XCSwiftPackageProductDependency section */
	};
	rootObject = D727BDCE2BD2D9240011E324 /* Project object */;
}
